
Microsoft Visual Studio Solution File, Format Version 12.00
# Visual Studio Version 17
VisualStudioVersion = 17.2.32616.157
MinimumVisualStudioVersion = 10.0.40219.1
Project("{FAE04EC0-301F-11D3-BF4B-00C04F79EFBC}") = "axios", "axios.csproj", "{DE4DB3C6-440E-4B2D-A809-F755F72869EF}"
EndProject
Global
	GlobalSection(SolutionConfigurationPlatforms) = preSolution
		Debug|Any CPU = Debug|Any CPU
		Release|Any CPU = Release|Any CPU
	EndGlobalSection
	GlobalSection(ProjectConfigurationPlatforms) = postSolution
		{DE4DB3C6-440E-4B2D-A809-F755F72869EF}.Debug|Any CPU.ActiveCfg = Debug|Any CPU
		{DE4DB3C6-440E-4B2D-A809-F755F72869EF}.Debug|Any CPU.Build.0 = Debug|Any CPU
		{DE4DB3C6-440E-4B2D-A809-F755F72869EF}.Release|Any CPU.ActiveCfg = Release|Any CPU
		{DE4DB3C6-440E-4B2D-A809-F755F72869EF}.Release|Any CPU.Build.0 = Release|Any CPU
	EndGlobalSection
	GlobalSection(SolutionProperties) = preSolution
		HideSolutionNode = FALSE
	EndGlobalSection
	GlobalSection(ExtensibilityGlobals) = postSolution
		SolutionGuid = {1DD870F0-DBBE-4203-ACC2-542D65B51D50}
	EndGlobalSection
EndGlobal
